Microsoft Visual Studio Solution File, Format Version 12.00
# Visual Studio 2012
Project("{FAE04EC0-301F-11D3-BF4B-00C04F79EFBC}") = "Driver", "Driver.csproj", "{D7167FB2-AF92-460E-B17E-207300B130FD}"
EndProject
Global
	GlobalSection(SolutionConfigurationPlatforms) = preSolution
	Debug|Any CPU = Debug|Any CPU
	ExportDebug|Any CPU = ExportDebug|Any CPU
	ExportRelease|Any CPU = ExportRelease|Any CPU
	EndGlobalSection
	GlobalSection(ProjectConfigurationPlatforms) = postSolution
		{D7167FB2-AF92-460E-B17E-207300B130FD}.Debug|Any CPU.ActiveCfg = Debug|Any CPU
		{D7167FB2-AF92-460E-B17E-207300B130FD}.Debug|Any CPU.Build.0 = Debug|Any CPU
		{D7167FB2-AF92-460E-B17E-207300B130FD}.ExportDebug|Any CPU.ActiveCfg = ExportDebug|Any CPU
		{D7167FB2-AF92-460E-B17E-207300B130FD}.ExportDebug|Any CPU.Build.0 = ExportDebug|Any CPU
		{D7167FB2-AF92-460E-B17E-207300B130FD}.ExportRelease|Any CPU.ActiveCfg = ExportRelease|Any CPU
		{D7167FB2-AF92-460E-B17E-207300B130FD}.ExportRelease|Any CPU.Build.0 = ExportRelease|Any CPU
	EndGlobalSection
EndGlobal
